{
  "version": 4,
  "terraform_version": "1.12.2",
  "serial": 43,
  "lineage": "84a0b841-3702-e0ad-c197-8943300ba9d5",
  "outputs": {
    "apigee_environment_name": {
      "value": "prod",
      "type": "string"
    },
    "apigee_instance_name": {
      "value": "apigee-instance",
      "type": "string"
    },
    "apigee_service_account_created": {
      "value": true,
      "type": "bool"
    },
    "apigee_service_account_email": {
      "value": "apigee-invoker-sa@gcppoc-477305.iam.gserviceaccount.com",
      "type": "string"
    },
    "cloud_function_hostname": {
      "value": "private-backend-function-itwk2el25a-el.a.run.app",
      "type": "string"
    },
    "cloud_function_name": {
      "value": "private-backend-function",
      "type": "string"
    },
    "cloud_function_service_account": {
      "value": "private-backend-function-sa@gcppoc-477305.iam.gserviceaccount.com",
      "type": "string"
    },
    "cloud_function_url": {
      "value": "https://private-backend-function-itwk2el25a-el.a.run.app",
      "type": "string"
    },
    "function_invoke_url": {
      "value": "https://private-backend-function-itwk2el25a-el.a.run.app/hello_world",
      "type": "string"
    },
    "subnet_id": {
      "value": "projects/gcppoc-477305/regions/asia-south1/subnetworks/private-backend-subnet",
      "type": "string"
    },
    "subnet_name": {
      "value": "private-backend-subnet",
      "type": "string"
    },
    "subnet_self_link": {
      "value": "https://www.googleapis.com/compute/v1/projects/gcppoc-477305/regions/asia-south1/subnetworks/private-backend-subnet",
      "type": "string"
    },
    "vpc_connector_id": {
      "value": "projects/gcppoc-477305/locations/asia-south1/connectors/private-backend-connector",
      "type": "string"
    },
    "vpc_connector_name": {
      "value": "private-backend-connector",
      "type": "string"
    },
    "vpc_id": {
      "value": "projects/gcppoc-477305/global/networks/private-backend-vpc",
      "type": "string"
    },
    "vpc_name": {
      "value": "private-backend-vpc",
      "type": "string"
    },
    "vpc_network_self_link": {
      "value": "https://www.googleapis.com/compute/v1/projects/gcppoc-477305/global/networks/private-backend-vpc",
      "type": "string"
    }
  },
  "resources": [
    {
      "mode": "data",
      "type": "archive_file",
      "name": "function_source",
      "provider": "provider[\"registry.terraform.io/hashicorp/archive\"]",
      "instances": [
        {
          "index_key": 0,
          "schema_version": 0,
          "attributes": {
            "exclude_symlink_directories": null,
            "excludes": null,
            "id": "48fefa97fc0ebaa7cf178a238c2f656f674c1082",
            "output_base64sha256": "ehGkQmvvbnqHvp8JzvluT7AUpRLVUMxPT0E2m6t5Dls=",
            "output_base64sha512": "ce4mGuL+c3KZztfGjPBKet5lx4ZS2N9xD8XSJ9X800P5f2NNqFcurYj+nNnfbjdJTY1fWdB2j1nmL9tkgtBODg==",
            "output_file_mode": null,
            "output_md5": "1643ebf04df8369fa6ecd9c099a57b83",
            "output_path": "./function-source.zip",
            "output_sha": "48fefa97fc0ebaa7cf178a238c2f656f674c1082",
            "output_sha256": "7a11a4426bef6e7a87be9f09cef96e4fb014a512d550cc4f4f41369bab790e5b",
            "output_sha512": "71ee261ae2fe737299ced7c68cf04a7ade65c78652d8df710fc5d227d5fcd343f97f634da8572ead88fe9cd9df6e37494d8d5f59d0768f59e62fdb6482d04e0e",
            "output_size": 582,
            "source": [],
            "source_content": null,
            "source_content_filename": null,
            "source_dir": "./function-source",
            "source_file": null,
            "type": "zip"
          },
          "sensitive_attributes": [],
          "identity_schema_version": 0
        }
      ]
    },
    {
      "mode": "managed",
      "type": "google_cloudfunctions2_function",
      "name": "function",
      "provider": "provider[\"registry.terraform.io/hashicorp/google\"]",
      "instances": [
        {
          "schema_version": 0,
          "attributes": {
            "build_config": [
              {
                "automatic_update_policy": [
                  {}
                ],
                "build": "projects/508880951839/locations/asia-south1/builds/a118b36c-4630-4ed4-b3d8-2e7078cb7ad1",
                "docker_repository": "projects/gcppoc-477305/locations/asia-south1/repositories/gcf-artifacts",
                "entry_point": "hello_world",
                "environment_variables": {},
                "on_deploy_update_policy": [],
                "runtime": "python311",
                "service_account": "projects/gcppoc-477305/serviceAccounts/508880951839-compute@developer.gserviceaccount.com",
                "source": [
                  {
                    "repo_source": [],
                    "storage_source": [
                      {
                        "bucket": "gcppoc-477305-private-backend-function-source",
                        "generation": 1762860724089758,
                        "object": "function-source.zip"
                      }
                    ]
                  }
                ],
                "worker_pool": ""
              }
            ],
            "description": "Private Cloud Function accessible only via VPC",
            "effective_labels": {
              "goog-terraform-provisioned": "true"
            },
            "environment": "GEN_2",
            "event_trigger": [],
            "id": "projects/gcppoc-477305/locations/asia-south1/functions/private-backend-function",
            "kms_key_name": "",
            "labels": {},
            "location": "asia-south1",
            "name": "private-backend-function",
            "project": "gcppoc-477305",
            "service_config": [
              {
                "all_traffic_on_latest_revision": true,
                "available_cpu": "0.1666",
                "available_memory": "256Mi",
                "binary_authorization_policy": "",
                "environment_variables": {
                  "LOG_EXECUTION_ID": "true"
                },
                "gcf_uri": "",
                "ingress_settings": "ALLOW_INTERNAL_ONLY",
                "max_instance_count": 10,
                "max_instance_request_concurrency": 1,
                "min_instance_count": 0,
                "secret_environment_variables": [],
                "secret_volumes": [],
                "service": "projects/gcppoc-477305/locations/asia-south1/services/private-backend-function",
                "service_account_email": "private-backend-function-sa@gcppoc-477305.iam.gserviceaccount.com",
                "timeout_seconds": 60,
                "uri": "https://private-backend-function-itwk2el25a-el.a.run.app",
                "vpc_connector": "private-backend-connector",
                "vpc_connector_egress_settings": "PRIVATE_RANGES_ONLY"
              }
            ],
            "state": "ACTIVE",
            "terraform_labels": {
              "goog-terraform-provisioned": "true"
            },
            "timeouts": null,
            "update_time": "2025-11-11T11:33:00.104648989Z",
            "url": "https://asia-south1-gcppoc-477305.cloudfunctions.net/private-backend-function"
          },
          "sensitive_attributes": [],
          "identity_schema_version": 0,
          "private": "eyJlMmJmYjczMC1lY2FhLTExZTYtOGY4OC0zNDM2M2JjN2M0YzAiOnsiY3JlYXRlIjozNjAwMDAwMDAwMDAwLCJkZWxldGUiOjM2MDAwMDAwMDAwMDAsInVwZGF0ZSI6MzYwMDAwMDAwMDAwMH19",
          "dependencies": [
            "data.archive_file.function_source",
            "google_compute_network.vpc",
            "google_compute_subnetwork.subnet",
            "google_project_service.required_apis",
            "google_service_account.cloud_function_sa",
            "google_storage_bucket.function_source",
            "google_storage_bucket_object.function_source_custom",
            "google_storage_bucket_object.function_source_generated",
            "google_vpc_access_connector.connector",
            "local_file.function_main",
            "local_file.function_requirements"
          ]
        }
      ]
    },
    {
      "mode": "managed",
      "type": "google_cloudfunctions2_function_iam_member",
      "name": "apigee_invoker",
      "provider": "provider[\"registry.terraform.io/hashicorp/google\"]",
      "instances": [
        {
          "schema_version": 0,
          "attributes": {
            "cloud_function": "projects/gcppoc-477305/locations/asia-south1/functions/private-backend-function",
            "condition": [],
            "etag": "BwZDUAKUAxg=",
            "id": "projects/gcppoc-477305/locations/asia-south1/functions/private-backend-function/roles/cloudfunctions.invoker/serviceAccount:apigee-invoker-sa@gcppoc-477305.iam.gserviceaccount.com",
            "location": "asia-south1",
            "member": "serviceAccount:apigee-invoker-sa@gcppoc-477305.iam.gserviceaccount.com",
            "project": "gcppoc-477305",
            "role": "roles/cloudfunctions.invoker"
          },
          "sensitive_attributes": [],
          "identity_schema_version": 0,
          "private": "bnVsbA==",
          "dependencies": [
            "data.archive_file.function_source",
            "google_cloudfunctions2_function.function",
            "google_compute_network.vpc",
            "google_compute_subnetwork.subnet",
            "google_project_service.required_apis",
            "google_service_account.apigee_sa",
            "google_service_account.cloud_function_sa",
            "google_storage_bucket.function_source",
            "google_storage_bucket_object.function_source_custom",
            "google_storage_bucket_object.function_source_generated",
            "google_vpc_access_connector.connector",
            "local_file.function_main",
            "local_file.function_requirements"
          ]
        }
      ]
    },
    {
      "mode": "managed",
      "type": "google_compute_firewall",
      "name": "allow_internal_traffic",
      "provider": "provider[\"registry.terraform.io/hashicorp/google\"]",
      "instances": [
        {
          "schema_version": 1,
          "attributes": {
            "allow": [
              {
                "ports": [
                  "443",
                  "80"
                ],
                "protocol": "tcp"
              }
            ],
            "creation_timestamp": "2025-11-11T03:28:58.238-08:00",
            "deny": [],
            "description": "Allow internal VPC traffic for Apigee and Cloud Function communication",
            "destination_ranges": [],
            "direction": "INGRESS",
            "disabled": false,
            "enable_logging": null,
            "id": "projects/gcppoc-477305/global/firewalls/private-backend-vpc-allow-internal",
            "log_config": [],
            "name": "private-backend-vpc-allow-internal",
            "network": "https://www.googleapis.com/compute/v1/projects/gcppoc-477305/global/networks/private-backend-vpc",
            "params": [],
            "priority": 1000,
            "project": "gcppoc-477305",
            "self_link": "https://www.googleapis.com/compute/v1/projects/gcppoc-477305/global/firewalls/private-backend-vpc-allow-internal",
            "source_ranges": [
              "10.0.0.0/24",
              "10.8.0.0/28"
            ],
            "source_service_accounts": [],
            "source_tags": [],
            "target_service_accounts": [],
            "target_tags": [
              "apigee",
              "cloud-function"
            ],
            "timeouts": null
          },
          "sensitive_attributes": [],
          "identity_schema_version": 0,
          "private": "eyJlMmJmYjczMC1lY2FhLTExZTYtOGY4OC0zNDM2M2JjN2M0YzAiOnsiY3JlYXRlIjoxMjAwMDAwMDAwMDAwLCJkZWxldGUiOjEyMDAwMDAwMDAwMDAsInVwZGF0ZSI6MTIwMDAwMDAwMDAwMH0sInNjaGVtYV92ZXJzaW9uIjoiMSJ9",
          "dependencies": [
            "google_compute_network.vpc",
            "google_project_service.required_apis"
          ]
        }
      ]
    },
    {
      "mode": "managed",
      "type": "google_compute_firewall",
      "name": "allow_vpn_to_apigee",
      "provider": "provider[\"registry.terraform.io/hashicorp/google\"]",
      "instances": [
        {
          "index_key": 0,
          "schema_version": 1,
          "attributes": {
            "allow": [
              {
                "ports": [
                  "443",
                  "80"
                ],
                "protocol": "tcp"
              }
            ],
            "creation_timestamp": "2025-11-11T03:28:58.449-08:00",
            "deny": [],
            "description": "Allow VPN traffic to Apigee (internal access only)",
            "destination_ranges": [],
            "direction": "INGRESS",
            "disabled": false,
            "enable_logging": null,
            "id": "projects/gcppoc-477305/global/firewalls/private-backend-vpc-allow-vpn-to-apigee",
            "log_config": [],
            "name": "private-backend-vpc-allow-vpn-to-apigee",
            "network": "https://www.googleapis.com/compute/v1/projects/gcppoc-477305/global/networks/private-backend-vpc",
            "params": [],
            "priority": 1000,
            "project": "gcppoc-477305",
            "self_link": "https://www.googleapis.com/compute/v1/projects/gcppoc-477305/global/firewalls/private-backend-vpc-allow-vpn-to-apigee",
            "source_ranges": [],
            "source_service_accounts": [],
            "source_tags": [],
            "target_service_accounts": [],
            "target_tags": [
              "apigee"
            ],
            "timeouts": null
          },
          "sensitive_attributes": [],
          "identity_schema_version": 0,
          "private": "eyJlMmJmYjczMC1lY2FhLTExZTYtOGY4OC0zNDM2M2JjN2M0YzAiOnsiY3JlYXRlIjoxMjAwMDAwMDAwMDAwLCJkZWxldGUiOjEyMDAwMDAwMDAwMDAsInVwZGF0ZSI6MTIwMDAwMDAwMDAwMH0sInNjaGVtYV92ZXJzaW9uIjoiMSJ9",
          "dependencies": [
            "google_compute_network.vpc",
            "google_project_service.required_apis"
          ]
        }
      ]
    },
    {
      "mode": "managed",
      "type": "google_compute_firewall",
      "name": "deny_external_traffic",
      "provider": "provider[\"registry.terraform.io/hashicorp/google\"]",
      "instances": [
        {
          "schema_version": 1,
          "attributes": {
            "allow": [],
            "creation_timestamp": "2025-11-11T03:28:58.113-08:00",
            "deny": [
              {
                "ports": [],
                "protocol": "all"
              }
            ],
            "description": "Explicitly deny all external internet traffic to Apigee and Cloud Function",
            "destination_ranges": [],
            "direction": "INGRESS",
            "disabled": false,
            "enable_logging": null,
            "id": "projects/gcppoc-477305/global/firewalls/private-backend-vpc-deny-external",
            "log_config": [],
            "name": "private-backend-vpc-deny-external",
            "network": "https://www.googleapis.com/compute/v1/projects/gcppoc-477305/global/networks/private-backend-vpc",
            "params": [],
            "priority": 65534,
            "project": "gcppoc-477305",
            "self_link": "https://www.googleapis.com/compute/v1/projects/gcppoc-477305/global/firewalls/private-backend-vpc-deny-external",
            "source_ranges": [
              "0.0.0.0/0"
            ],
            "source_service_accounts": [],
            "source_tags": [],
            "target_service_accounts": [],
            "target_tags": [
              "apigee",
              "cloud-function"
            ],
            "timeouts": null
          },
          "sensitive_attributes": [],
          "identity_schema_version": 0,
          "private": "eyJlMmJmYjczMC1lY2FhLTExZTYtOGY4OC0zNDM2M2JjN2M0YzAiOnsiY3JlYXRlIjoxMjAwMDAwMDAwMDAwLCJkZWxldGUiOjEyMDAwMDAwMDAwMDAsInVwZGF0ZSI6MTIwMDAwMDAwMDAwMH0sInNjaGVtYV92ZXJzaW9uIjoiMSJ9",
          "dependencies": [
            "google_compute_network.vpc",
            "google_project_service.required_apis"
          ]
        }
      ]
    },
    {
      "mode": "managed",
      "type": "google_compute_network",
      "name": "vpc",
      "provider": "provider[\"registry.terraform.io/hashicorp/google\"]",
      "instances": [
        {
          "schema_version": 0,
          "attributes": {
            "auto_create_subnetworks": false,
            "bgp_always_compare_med": false,
            "bgp_best_path_selection_mode": "LEGACY",
            "bgp_inter_region_cost": "",
            "delete_default_routes_on_create": false,
            "description": "",
            "enable_ula_internal_ipv6": false,
            "gateway_ipv4": "",
            "id": "projects/gcppoc-477305/global/networks/private-backend-vpc",
            "internal_ipv6_range": "",
            "mtu": 0,
            "name": "private-backend-vpc",
            "network_firewall_policy_enforcement_order": "AFTER_CLASSIC_FIREWALL",
            "network_id": "5916328371129590560",
            "network_profile": "",
            "numeric_id": "5916328371129590560",
            "params": [],
            "project": "gcppoc-477305",
            "routing_mode": "REGIONAL",
            "self_link": "https://www.googleapis.com/compute/v1/projects/gcppoc-477305/global/networks/private-backend-vpc",
            "timeouts": null
          },
          "sensitive_attributes": [],
          "identity_schema_version": 0,
          "private": "eyJlMmJmYjczMC1lY2FhLTExZTYtOGY4OC0zNDM2M2JjN2M0YzAiOnsiY3JlYXRlIjoxMjAwMDAwMDAwMDAwLCJkZWxldGUiOjEyMDAwMDAwMDAwMDAsInVwZGF0ZSI6MTIwMDAwMDAwMDAwMH19",
          "dependencies": [
            "google_project_service.required_apis"
          ]
        }
      ]
    },
    {
      "mode": "managed",
      "type": "google_compute_subnetwork",
      "name": "subnet",
      "provider": "provider[\"registry.terraform.io/hashicorp/google\"]",
      "instances": [
        {
          "schema_version": 0,
          "attributes": {
            "creation_timestamp": "2025-11-11T03:29:05.495-08:00",
            "description": "",
            "external_ipv6_prefix": "",
            "fingerprint": null,
            "gateway_address": "10.0.0.1",
            "id": "projects/gcppoc-477305/regions/asia-south1/subnetworks/private-backend-subnet",
            "internal_ipv6_prefix": "",
            "ip_cidr_range": "10.0.0.0/24",
            "ip_collection": null,
            "ipv6_access_type": "",
            "ipv6_cidr_range": "",
            "ipv6_gce_endpoint": "",
            "log_config": [],
            "name": "private-backend-subnet",
            "network": "https://www.googleapis.com/compute/v1/projects/gcppoc-477305/global/networks/private-backend-vpc",
            "params": [],
            "private_ip_google_access": true,
            "private_ipv6_google_access": "DISABLE_GOOGLE_ACCESS",
            "project": "gcppoc-477305",
            "purpose": "PRIVATE",
            "region": "asia-south1",
            "reserved_internal_range": "",
            "role": "",
            "secondary_ip_range": [],
            "self_link": "https://www.googleapis.com/compute/v1/projects/gcppoc-477305/regions/asia-south1/subnetworks/private-backend-subnet",
            "send_secondary_ip_range_if_empty": null,
            "stack_type": "IPV4_ONLY",
            "state": "",
            "subnetwork_id": 2714226958274568430,
            "timeouts": null
          },
          "sensitive_attributes": [],
          "identity_schema_version": 0,
          "private": "eyJlMmJmYjczMC1lY2FhLTExZTYtOGY4OC0zNDM2M2JjN2M0YzAiOnsiY3JlYXRlIjoxMjAwMDAwMDAwMDAwLCJkZWxldGUiOjEyMDAwMDAwMDAwMDAsInVwZGF0ZSI6MTIwMDAwMDAwMDAwMH19",
          "dependencies": [
            "google_compute_network.vpc",
            "google_project_service.required_apis"
          ]
        }
      ]
    },
    {
      "mode": "managed",
      "type": "google_dns_managed_zone",
      "name": "internal_zone",
      "provider": "provider[\"registry.terraform.io/hashicorp/google\"]",
      "instances": []
    },
    {
      "mode": "managed",
      "type": "google_dns_record_set",
      "name": "function_dns",
      "provider": "provider[\"registry.terraform.io/hashicorp/google\"]",
      "instances": []
    },
    {
      "mode": "managed",
      "type": "google_project_iam_member",
      "name": "cloud_function_sa_permissions",
      "provider": "provider[\"registry.terraform.io/hashicorp/google\"]",
      "instances": [
        {
          "index_key": "roles/logging.logWriter",
          "schema_version": 0,
          "attributes": {
            "condition": [],
            "etag": "BwZDUdaMGbM=",
            "id": "gcppoc-477305/roles/logging.logWriter/serviceAccount:private-backend-function-sa@gcppoc-477305.iam.gserviceaccount.com",
            "member": "serviceAccount:private-backend-function-sa@gcppoc-477305.iam.gserviceaccount.com",
            "project": "gcppoc-477305",
            "role": "roles/logging.logWriter"
          },
          "sensitive_attributes": [],
          "identity_schema_version": 0,
          "private": "bnVsbA==",
          "dependencies": [
            "google_project_service.required_apis",
            "google_service_account.cloud_function_sa"
          ]
        },
        {
          "index_key": "roles/storage.objectViewer",
          "schema_version": 0,
          "attributes": {
            "condition": [],
            "etag": "BwZDUdaMGbM=",
            "id": "gcppoc-477305/roles/storage.objectViewer/serviceAccount:private-backend-function-sa@gcppoc-477305.iam.gserviceaccount.com",
            "member": "serviceAccount:private-backend-function-sa@gcppoc-477305.iam.gserviceaccount.com",
            "project": "gcppoc-477305",
            "role": "roles/storage.objectViewer"
          },
          "sensitive_attributes": [],
          "identity_schema_version": 0,
          "private": "bnVsbA==",
          "dependencies": [
            "google_project_service.required_apis",
            "google_service_account.cloud_function_sa"
          ]
        }
      ]
    },
    {
      "mode": "managed",
      "type": "google_project_service",
      "name": "required_apis",
      "provider": "provider[\"registry.terraform.io/hashicorp/google\"]",
      "instances": [
        {
          "index_key": "apigee.googleapis.com",
          "schema_version": 0,
          "attributes": {
            "disable_dependent_services": false,
            "disable_on_destroy": false,
            "id": "gcppoc-477305/apigee.googleapis.com",
            "project": "gcppoc-477305",
            "service": "apigee.googleapis.com",
            "timeouts": null
          },
          "sensitive_attributes": [],
          "identity_schema_version": 0,
          "private": "eyJlMmJmYjczMC1lY2FhLTExZTYtOGY4OC0zNDM2M2JjN2M0YzAiOnsiY3JlYXRlIjoxMjAwMDAwMDAwMDAwLCJkZWxldGUiOjEyMDAwMDAwMDAwMDAsInJlYWQiOjYwMDAwMDAwMDAwMCwidXBkYXRlIjoxMjAwMDAwMDAwMDAwfX0="
        },
        {
          "index_key": "cloudfunctions.googleapis.com",
          "schema_version": 0,
          "attributes": {
            "disable_dependent_services": false,
            "disable_on_destroy": false,
            "id": "gcppoc-477305/cloudfunctions.googleapis.com",
            "project": "gcppoc-477305",
            "service": "cloudfunctions.googleapis.com",
            "timeouts": null
          },
          "sensitive_attributes": [],
          "identity_schema_version": 0,
          "private": "eyJlMmJmYjczMC1lY2FhLTExZTYtOGY4OC0zNDM2M2JjN2M0YzAiOnsiY3JlYXRlIjoxMjAwMDAwMDAwMDAwLCJkZWxldGUiOjEyMDAwMDAwMDAwMDAsInJlYWQiOjYwMDAwMDAwMDAwMCwidXBkYXRlIjoxMjAwMDAwMDAwMDAwfX0="
        },
        {
          "index_key": "compute.googleapis.com",
          "schema_version": 0,
          "attributes": {
            "disable_dependent_services": false,
            "disable_on_destroy": false,
            "id": "gcppoc-477305/compute.googleapis.com",
            "project": "gcppoc-477305",
            "service": "compute.googleapis.com",
            "timeouts": null
          },
          "sensitive_attributes": [],
          "identity_schema_version": 0,
          "private": "eyJlMmJmYjczMC1lY2FhLTExZTYtOGY4OC0zNDM2M2JjN2M0YzAiOnsiY3JlYXRlIjoxMjAwMDAwMDAwMDAwLCJkZWxldGUiOjEyMDAwMDAwMDAwMDAsInJlYWQiOjYwMDAwMDAwMDAwMCwidXBkYXRlIjoxMjAwMDAwMDAwMDAwfX0="
        },
        {
          "index_key": "dns.googleapis.com",
          "schema_version": 0,
          "attributes": {
            "disable_dependent_services": false,
            "disable_on_destroy": false,
            "id": "gcppoc-477305/dns.googleapis.com",
            "project": "gcppoc-477305",
            "service": "dns.googleapis.com",
            "timeouts": null
          },
          "sensitive_attributes": [],
          "identity_schema_version": 0,
          "private": "eyJlMmJmYjczMC1lY2FhLTExZTYtOGY4OC0zNDM2M2JjN2M0YzAiOnsiY3JlYXRlIjoxMjAwMDAwMDAwMDAwLCJkZWxldGUiOjEyMDAwMDAwMDAwMDAsInJlYWQiOjYwMDAwMDAwMDAwMCwidXBkYXRlIjoxMjAwMDAwMDAwMDAwfX0="
        },
        {
          "index_key": "iam.googleapis.com",
          "schema_version": 0,
          "attributes": {
            "disable_dependent_services": false,
            "disable_on_destroy": false,
            "id": "gcppoc-477305/iam.googleapis.com",
            "project": "gcppoc-477305",
            "service": "iam.googleapis.com",
            "timeouts": null
          },
          "sensitive_attributes": [],
          "identity_schema_version": 0,
          "private": "eyJlMmJmYjczMC1lY2FhLTExZTYtOGY4OC0zNDM2M2JjN2M0YzAiOnsiY3JlYXRlIjoxMjAwMDAwMDAwMDAwLCJkZWxldGUiOjEyMDAwMDAwMDAwMDAsInJlYWQiOjYwMDAwMDAwMDAwMCwidXBkYXRlIjoxMjAwMDAwMDAwMDAwfX0="
        },
        {
          "index_key": "run.googleapis.com",
          "schema_version": 0,
          "attributes": {
            "disable_dependent_services": false,
            "disable_on_destroy": false,
            "id": "gcppoc-477305/run.googleapis.com",
            "project": "gcppoc-477305",
            "service": "run.googleapis.com",
            "timeouts": null
          },
          "sensitive_attributes": [],
          "identity_schema_version": 0,
          "private": "eyJlMmJmYjczMC1lY2FhLTExZTYtOGY4OC0zNDM2M2JjN2M0YzAiOnsiY3JlYXRlIjoxMjAwMDAwMDAwMDAwLCJkZWxldGUiOjEyMDAwMDAwMDAwMDAsInJlYWQiOjYwMDAwMDAwMDAwMCwidXBkYXRlIjoxMjAwMDAwMDAwMDAwfX0="
        },
        {
          "index_key": "servicenetworking.googleapis.com",
          "schema_version": 0,
          "attributes": {
            "disable_dependent_services": false,
            "disable_on_destroy": false,
            "id": "gcppoc-477305/servicenetworking.googleapis.com",
            "project": "gcppoc-477305",
            "service": "servicenetworking.googleapis.com",
            "timeouts": null
          },
          "sensitive_attributes": [],
          "identity_schema_version": 0,
          "private": "eyJlMmJmYjczMC1lY2FhLTExZTYtOGY4OC0zNDM2M2JjN2M0YzAiOnsiY3JlYXRlIjoxMjAwMDAwMDAwMDAwLCJkZWxldGUiOjEyMDAwMDAwMDAwMDAsInJlYWQiOjYwMDAwMDAwMDAwMCwidXBkYXRlIjoxMjAwMDAwMDAwMDAwfX0="
        },
        {
          "index_key": "storage.googleapis.com",
          "schema_version": 0,
          "attributes": {
            "disable_dependent_services": false,
            "disable_on_destroy": false,
            "id": "gcppoc-477305/storage.googleapis.com",
            "project": "gcppoc-477305",
            "service": "storage.googleapis.com",
            "timeouts": null
          },
          "sensitive_attributes": [],
          "identity_schema_version": 0,
          "private": "eyJlMmJmYjczMC1lY2FhLTExZTYtOGY4OC0zNDM2M2JjN2M0YzAiOnsiY3JlYXRlIjoxMjAwMDAwMDAwMDAwLCJkZWxldGUiOjEyMDAwMDAwMDAwMDAsInJlYWQiOjYwMDAwMDAwMDAwMCwidXBkYXRlIjoxMjAwMDAwMDAwMDAwfX0="
        },
        {
          "index_key": "vpcaccess.googleapis.com",
          "schema_version": 0,
          "attributes": {
            "disable_dependent_services": false,
            "disable_on_destroy": false,
            "id": "gcppoc-477305/vpcaccess.googleapis.com",
            "project": "gcppoc-477305",
            "service": "vpcaccess.googleapis.com",
            "timeouts": null
          },
          "sensitive_attributes": [],
          "identity_schema_version": 0,
          "private": "eyJlMmJmYjczMC1lY2FhLTExZTYtOGY4OC0zNDM2M2JjN2M0YzAiOnsiY3JlYXRlIjoxMjAwMDAwMDAwMDAwLCJkZWxldGUiOjEyMDAwMDAwMDAwMDAsInJlYWQiOjYwMDAwMDAwMDAwMCwidXBkYXRlIjoxMjAwMDAwMDAwMDAwfX0="
        }
      ]
    },
    {
      "mode": "managed",
      "type": "google_service_account",
      "name": "apigee_sa",
      "provider": "provider[\"registry.terraform.io/hashicorp/google\"]",
      "instances": [
        {
          "index_key": 0,
          "schema_version": 0,
          "attributes": {
            "account_id": "apigee-invoker-sa",
            "create_ignore_already_exists": null,
            "description": "",
            "disabled": false,
            "display_name": "Service Account for Apigee to invoke Cloud Function",
            "email": "apigee-invoker-sa@gcppoc-477305.iam.gserviceaccount.com",
            "id": "projects/gcppoc-477305/serviceAccounts/apigee-invoker-sa@gcppoc-477305.iam.gserviceaccount.com",
            "member": "serviceAccount:apigee-invoker-sa@gcppoc-477305.iam.gserviceaccount.com",
            "name": "projects/gcppoc-477305/serviceAccounts/apigee-invoker-sa@gcppoc-477305.iam.gserviceaccount.com",
            "project": "gcppoc-477305",
            "timeouts": null,
            "unique_id": "114167360471763886582"
          },
          "sensitive_attributes": [],
          "identity_schema_version": 0,
          "private": "eyJlMmJmYjczMC1lY2FhLTExZTYtOGY4OC0zNDM2M2JjN2M0YzAiOnsiY3JlYXRlIjozMDAwMDAwMDAwMDB9fQ==",
          "dependencies": [
            "google_project_service.required_apis"
          ]
        }
      ]
    },
    {
      "mode": "managed",
      "type": "google_service_account",
      "name": "cloud_function_sa",
      "provider": "provider[\"registry.terraform.io/hashicorp/google\"]",
      "instances": [
        {
          "schema_version": 0,
          "attributes": {
            "account_id": "private-backend-function-sa",
            "create_ignore_already_exists": null,
            "description": "",
            "disabled": false,
            "display_name": "Service Account for private-backend-function",
            "email": "private-backend-function-sa@gcppoc-477305.iam.gserviceaccount.com",
            "id": "projects/gcppoc-477305/serviceAccounts/private-backend-function-sa@gcppoc-477305.iam.gserviceaccount.com",
            "member": "serviceAccount:private-backend-function-sa@gcppoc-477305.iam.gserviceaccount.com",
            "name": "projects/gcppoc-477305/serviceAccounts/private-backend-function-sa@gcppoc-477305.iam.gserviceaccount.com",
            "project": "gcppoc-477305",
            "timeouts": null,
            "unique_id": "100922223035185915821"
          },
          "sensitive_attributes": [],
          "identity_schema_version": 0,
          "private": "eyJlMmJmYjczMC1lY2FhLTExZTYtOGY4OC0zNDM2M2JjN2M0YzAiOnsiY3JlYXRlIjozMDAwMDAwMDAwMDB9fQ==",
          "dependencies": [
            "google_project_service.required_apis"
          ]
        }
      ]
    },
    {
      "mode": "managed",
      "type": "google_storage_bucket",
      "name": "function_source",
      "provider": "provider[\"registry.terraform.io/hashicorp/google\"]",
      "instances": [
        {
          "schema_version": 4,
          "attributes": {
            "autoclass": [],
            "cors": [],
            "custom_placement_config": [],
            "default_event_based_hold": false,
            "effective_labels": {
              "goog-terraform-provisioned": "true"
            },
            "enable_object_retention": false,
            "encryption": [],
            "force_destroy": false,
            "hierarchical_namespace": [
              {
                "enabled": false
              }
            ],
            "id": "gcppoc-477305-private-backend-function-source",
            "ip_filter": [],
            "labels": {},
            "lifecycle_rule": [],
            "location": "ASIA-SOUTH1",
            "logging": [],
            "name": "gcppoc-477305-private-backend-function-source",
            "project": "gcppoc-477305",
            "project_number": 508880951839,
            "public_access_prevention": "inherited",
            "requester_pays": false,
            "retention_policy": [],
            "rpo": null,
            "self_link": "https://www.googleapis.com/storage/v1/b/gcppoc-477305-private-backend-function-source",
            "soft_delete_policy": [
              {
                "effective_time": "2025-11-11T11:28:16.524Z",
                "retention_duration_seconds": 604800
              }
            ],
            "storage_class": "STANDARD",
            "terraform_labels": {
              "goog-terraform-provisioned": "true"
            },
            "time_created": "2025-11-11T11:28:16.524Z",
            "timeouts": null,
            "uniform_bucket_level_access": true,
            "updated": "2025-11-11T11:28:16.524Z",
            "url": "gs://gcppoc-477305-private-backend-function-source",
            "versioning": [],
            "website": []
          },
          "sensitive_attributes": [],
          "identity_schema_version": 0,
          "private": "eyJlMmJmYjczMC1lY2FhLTExZTYtOGY4OC0zNDM2M2JjN2M0YzAiOnsiY3JlYXRlIjo2MDAwMDAwMDAwMDAsInJlYWQiOjI0MDAwMDAwMDAwMCwidXBkYXRlIjoyNDAwMDAwMDAwMDB9LCJzY2hlbWFfdmVyc2lvbiI6IjQifQ==",
          "dependencies": [
            "google_project_service.required_apis"
          ]
        }
      ]
    },
    {
      "mode": "managed",
      "type": "google_storage_bucket_object",
      "name": "function_source_custom",
      "provider": "provider[\"registry.terraform.io/hashicorp/google\"]",
      "instances": []
    },
    {
      "mode": "managed",
      "type": "google_storage_bucket_object",
      "name": "function_source_generated",
      "provider": "provider[\"registry.terraform.io/hashicorp/google\"]",
      "instances": [
        {
          "index_key": 0,
          "schema_version": 0,
          "attributes": {
            "bucket": "gcppoc-477305-private-backend-function-source",
            "cache_control": "",
            "content": null,
            "content_disposition": "",
            "content_encoding": "",
            "content_language": "",
            "content_type": "application/zip",
            "crc32c": "01+xNA==",
            "customer_encryption": [],
            "deletion_policy": null,
            "detect_md5hash": "FkPr8E34Np+m7NnAmaV7gw==",
            "event_based_hold": false,
            "force_empty_content_type": null,
            "generation": 1762860497309605,
            "id": "gcppoc-477305-private-backend-function-source-function-source.zip",
            "kms_key_name": "",
            "md5hash": "FkPr8E34Np+m7NnAmaV7gw==",
            "md5hexhash": "1643ebf04df8369fa6ecd9c099a57b83",
            "media_link": "https://storage.googleapis.com/download/storage/v1/b/gcppoc-477305-private-backend-function-source/o/function-source.zip?generation=1762860497309605\u0026alt=media",
            "metadata": {},
            "name": "function-source.zip",
            "output_name": "function-source.zip",
            "retention": [],
            "self_link": "https://www.googleapis.com/storage/v1/b/gcppoc-477305-private-backend-function-source/o/function-source.zip",
            "source": "./function-source.zip",
            "source_md5hash": "",
            "storage_class": "STANDARD",
            "temporary_hold": false,
            "timeouts": null
          },
          "sensitive_attributes": [
            [
              {
                "type": "get_attr",
                "value": "content"
              }
            ]
          ],
          "identity_schema_version": 0,
          "private": "eyJlMmJmYjczMC1lY2FhLTExZTYtOGY4OC0zNDM2M2JjN2M0YzAiOnsiY3JlYXRlIjoyNDAwMDAwMDAwMDAsImRlbGV0ZSI6MjQwMDAwMDAwMDAwLCJ1cGRhdGUiOjI0MDAwMDAwMDAwMH19",
          "dependencies": [
            "data.archive_file.function_source",
            "google_project_service.required_apis",
            "google_storage_bucket.function_source",
            "local_file.function_main",
            "local_file.function_requirements"
          ]
        }
      ]
    },
    {
      "mode": "managed",
      "type": "google_vpc_access_connector",
      "name": "connector",
      "provider": "provider[\"registry.terraform.io/hashicorp/google\"]",
      "instances": [
        {
          "schema_version": 0,
          "attributes": {
            "connected_projects": [
              "gcppoc-477305"
            ],
            "id": "projects/gcppoc-477305/locations/asia-south1/connectors/private-backend-connector",
            "ip_cidr_range": "10.8.0.0/28",
            "machine_type": "e2-micro",
            "max_instances": 3,
            "max_throughput": 300,
            "min_instances": 2,
            "min_throughput": 200,
            "name": "private-backend-connector",
            "network": "private-backend-vpc",
            "project": "gcppoc-477305",
            "region": "asia-south1",
            "self_link": "projects/gcppoc-477305/locations/asia-south1/connectors/private-backend-connector",
            "state": "READY",
            "subnet": [],
            "timeouts": null
          },
          "sensitive_attributes": [],
          "identity_schema_version": 0,
          "private": "eyJlMmJmYjczMC1lY2FhLTExZTYtOGY4OC0zNDM2M2JjN2M0YzAiOnsiY3JlYXRlIjoxMjAwMDAwMDAwMDAwLCJkZWxldGUiOjEyMDAwMDAwMDAwMDAsInVwZGF0ZSI6MTIwMDAwMDAwMDAwMH19",
          "dependencies": [
            "google_compute_network.vpc",
            "google_compute_subnetwork.subnet",
            "google_project_service.required_apis"
          ]
        }
      ]
    },
    {
      "mode": "managed",
      "type": "local_file",
      "name": "function_main",
      "provider": "provider[\"registry.terraform.io/hashicorp/local\"]",
      "instances": [
        {
          "index_key": 0,
          "schema_version": 0,
          "attributes": {
            "content": "import functions_framework\r\nimport json\r\n\r\n@functions_framework.http\r\ndef hello_world(request):\r\n    \"\"\"HTTP Cloud Function that returns a greeting.\"\"\"\r\n    request_json = request.get_json(silent=True)\r\n    request_args = request.args\r\n\r\n    if request_json and 'name' in request_json:\r\n        name = request_json['name']\r\n    elif request_args and 'name' in request_args:\r\n        name = request_args['name']\r\n    else:\r\n        name = 'World'\r\n    \r\n    return json.dumps({\r\n        'message': f'Hello {name}!',\r\n        'status': 'success'\r\n    }), 200, {'Content-Type': 'application/json'}\r\n",
            "content_base64": null,
            "content_base64sha256": "UO68w+C3AfE2/db9b24yPIuZGv2XFwpbBZB9efjQmo8=",
            "content_base64sha512": "Ln8D9IJmBDvwjura7318eBwyqdJ4ofhVXd7zkZaDI5/GvBEffwehfEacVJ2sWVyiFFiTYlVEPWYT7x2ZDAGG0A==",
            "content_md5": "1c9250c96a449c3064091a9433ca5671",
            "content_sha1": "f406e1bab43812bb458e3c88fbf6a61e6c8f099e",
            "content_sha256": "50eebcc3e0b701f136fdd6fd6f6e323c8b991afd97170a5b05907d79f8d09a8f",
            "content_sha512": "2e7f03f48266043bf08eeadaef7d7c781c32a9d278a1f8555ddef3919683239fc6bc111f7f07a17c469c549dac595ca21458936255443d6613ef1d990c0186d0",
            "directory_permission": "0777",
            "file_permission": "0777",
            "filename": "./function-source/main.py",
            "id": "f406e1bab43812bb458e3c88fbf6a61e6c8f099e",
            "sensitive_content": null,
            "source": null
          },
          "sensitive_attributes": [
            [
              {
                "type": "get_attr",
                "value": "sensitive_content"
              }
            ]
          ],
          "identity_schema_version": 0
        }
      ]
    },
    {
      "mode": "managed",
      "type": "local_file",
      "name": "function_requirements",
      "provider": "provider[\"registry.terraform.io/hashicorp/local\"]",
      "instances": [
        {
          "index_key": 0,
          "schema_version": 0,
          "attributes": {
            "content": "functions-framework==3.*\n",
            "content_base64": null,
            "content_base64sha256": "kA9lNqC7SWy3OQQH3wUVAQqEuF4oPx4EZYAVbkNNGDY=",
            "content_base64sha512": "nqQXWl3+j92ShCNp+a7beTmy/qZ6UcZlKytKYsHofEpSC8hz1qpQDvlDWO8K637/VFWgR9oeLwC7zQdAeqiaLg==",
            "content_md5": "b874a6fbb0c9e8ff9dcac09c4aecc991",
            "content_sha1": "06db04cdc47ae3d63e85fb5bb30b688b4bc55e02",
            "content_sha256": "900f6536a0bb496cb7390407df0515010a84b85e283f1e046580156e434d1836",
            "content_sha512": "9ea4175a5dfe8fdd92842369f9aedb7939b2fea67a51c6652b2b4a62c1e87c4a520bc873d6aa500ef94358ef0aeb7eff5455a047da1e2f00bbcd07407aa89a2e",
            "directory_permission": "0777",
            "file_permission": "0777",
            "filename": "./function-source/requirements.txt",
            "id": "06db04cdc47ae3d63e85fb5bb30b688b4bc55e02",
            "sensitive_content": null,
            "source": null
          },
          "sensitive_attributes": [
            [
              {
                "type": "get_attr",
                "value": "sensitive_content"
              }
            ]
          ],
          "identity_schema_version": 0
        }
      ]
    }
  ],
  "check_results": null
}
